
Microsoft Visual Studio Solution File, Format Version 12.00
# Visual Studio Version 17
VisualStudioVersion = 17.0.32112.339
MinimumVisualStudioVersion = 10.0.40219.1
Project("{FAE04EC0-301F-11D3-BF4B-00C04F79EFBC}") = "DapperBaseRepositoryDemo", "DapperBaseRepositoryDemo\DapperBaseRepositoryDemo.csproj", "{0A17162E-047E-4512-B589-317D1F1EDB7B}"
EndProject
Global
	GlobalSection(SolutionConfigurationPlatforms) = preSolution
		Debug|Any CPU = Debug|Any CPU
		Release|Any CPU = Release|Any CPU
	EndGlobalSection
	GlobalSection(ProjectConfigurationPlatforms) = postSolution
		{0A17162E-047E-4512-B589-317D1F1EDB7B}.Debug|Any CPU.ActiveCfg = Debug|Any CPU
		{0A17162E-047E-4512-B589-317D1F1EDB7B}.Debug|Any CPU.Build.0 = Debug|Any CPU
		{0A17162E-047E-4512-B589-317D1F1EDB7B}.Release|Any CPU.ActiveCfg = Release|Any CPU
		{0A17162E-047E-4512-B589-317D1F1EDB7B}.Release|Any CPU.Build.0 = Release|Any CPU
	EndGlobalSection
	GlobalSection(SolutionProperties) = preSolution
		HideSolutionNode = FALSE
	EndGlobalSection
	GlobalSection(ExtensibilityGlobals) = postSolution
		SolutionGuid = {59C97894-97E3-437F-9282-8C4CA6FF4ACE}
	EndGlobalSection
EndGlobal
